
Microsoft Visual Studio Solution File, Format Version 12.00
# Visual Studio 15
VisualStudioVersion = 15.0.28307.168
MinimumVisualStudioVersion = 10.0.40219.1
Project("{FAE04EC0-301F-11D3-BF4B-00C04F79EFBC}") = "time-tn", "time-tn\time-tn.csproj", "{8DF3E035-E837-4E98-9ACE-0DC2F5AB5125}"
EndProject
Global
	GlobalSection(SolutionConfigurationPlatforms) = preSolution
		Debug|Any CPU = Debug|Any CPU
		Release|Any CPU = Release|Any CPU
	EndGlobalSection
	GlobalSection(ProjectConfigurationPlatforms) = postSolution
		{8DF3E035-E837-4E98-9ACE-0DC2F5AB5125}.Debug|Any CPU.ActiveCfg = Release|Any CPU
		{8DF3E035-E837-4E98-9ACE-0DC2F5AB5125}.Debug|Any CPU.Build.0 = Release|Any CPU
		{8DF3E035-E837-4E98-9ACE-0DC2F5AB5125}.Release|Any CPU.ActiveCfg = Release|Any CPU
		{8DF3E035-E837-4E98-9ACE-0DC2F5AB5125}.Release|Any CPU.Build.0 = Release|Any CPU
	EndGlobalSection
	GlobalSection(SolutionProperties) = preSolution
		HideSolutionNode = FALSE
	EndGlobalSection
	GlobalSection(ExtensibilityGlobals) = postSolution
		SolutionGuid = {C48B556F-90C6-428B-94B7-E35802AF824E}
	EndGlobalSection
EndGlobal
